
Microsoft Visual Studio Solution File, Format Version 12.00
# Visual Studio 2013
VisualStudioVersion = 12.0.40629.0
MinimumVisualStudioVersion = 10.0.40219.1
Project("{8BC9CEB8-8B4A-11D0-8D11-00A0C91BC942}") = "mpc_crypto_test", "test\test.vcxproj", "{87CAAB70-0847-4912-8848-63329E0F4DAE}"
EndProject
Project("{8BC9CEB8-8B4A-11D0-8D11-00A0C91BC942}") = "mpc_crypto", "src\mpc_crypto.vcxproj", "{55749B86-26EF-4007-B2A3-201A60EDF857}"
EndProject
Project("{8BC9CEB8-8B4A-11D0-8D11-00A0C91BC942}") = "mpc_crypto_bench", "bench\mpc_crypto_bench.vcxproj", "{EED17E5B-6678-4A7A-B5D6-33364425F829}"
EndProject
Global
	GlobalSection(SolutionConfigurationPlatforms) = preSolution
		Debug|Mixed Platforms = Debug|Mixed Platforms
		Debug|Win32 = Debug|Win32
		Debug|x64 = Debug|x64
		Release|Mixed Platforms = Release|Mixed Platforms
		Release|Win32 = Release|Win32
		Release|x64 = Release|x64
	EndGlobalSection
	GlobalSection(ProjectConfigurationPlatforms) = postSolution
		{87CAAB70-0847-4912-8848-63329E0F4DAE}.Debug|Mixed Platforms.ActiveCfg = Debug|x64
		{87CAAB70-0847-4912-8848-63329E0F4DAE}.Debug|Mixed Platforms.Build.0 = Debug|x64
		{87CAAB70-0847-4912-8848-63329E0F4DAE}.Debug|Win32.ActiveCfg = Debug|x64
		{87CAAB70-0847-4912-8848-63329E0F4DAE}.Debug|x64.ActiveCfg = Debug|x64
		{87CAAB70-0847-4912-8848-63329E0F4DAE}.Debug|x64.Build.0 = Debug|x64
		{87CAAB70-0847-4912-8848-63329E0F4DAE}.Release|Mixed Platforms.ActiveCfg = Release|x64
		{87CAAB70-0847-4912-8848-63329E0F4DAE}.Release|Mixed Platforms.Build.0 = Release|x64
		{87CAAB70-0847-4912-8848-63329E0F4DAE}.Release|Win32.ActiveCfg = Release|x64
		{87CAAB70-0847-4912-8848-63329E0F4DAE}.Release|x64.ActiveCfg = Release|x64
		{87CAAB70-0847-4912-8848-63329E0F4DAE}.Release|x64.Build.0 = Release|x64
		{55749B86-26EF-4007-B2A3-201A60EDF857}.Debug|Mixed Platforms.ActiveCfg = Debug|x64
		{55749B86-26EF-4007-B2A3-201A60EDF857}.Debug|Mixed Platforms.Build.0 = Debug|x64
		{55749B86-26EF-4007-B2A3-201A60EDF857}.Debug|Win32.ActiveCfg = Debug|x64
		{55749B86-26EF-4007-B2A3-201A60EDF857}.Debug|x64.ActiveCfg = Debug|x64
		{55749B86-26EF-4007-B2A3-201A60EDF857}.Debug|x64.Build.0 = Debug|x64
		{55749B86-26EF-4007-B2A3-201A60EDF857}.Release|Mixed Platforms.ActiveCfg = Release|x64
		{55749B86-26EF-4007-B2A3-201A60EDF857}.Release|Mixed Platforms.Build.0 = Release|x64
		{55749B86-26EF-4007-B2A3-201A60EDF857}.Release|Win32.ActiveCfg = Release|x64
		{55749B86-26EF-4007-B2A3-201A60EDF857}.Release|x64.ActiveCfg = Release|x64
		{55749B86-26EF-4007-B2A3-201A60EDF857}.Release|x64.Build.0 = Release|x64
		{EED17E5B-6678-4A7A-B5D6-33364425F829}.Debug|Mixed Platforms.ActiveCfg = Debug|Win32
		{EED17E5B-6678-4A7A-B5D6-33364425F829}.Debug|Mixed Platforms.Build.0 = Debug|Win32
		{EED17E5B-6678-4A7A-B5D6-33364425F829}.Debug|Win32.ActiveCfg = Debug|Win32
		{EED17E5B-6678-4A7A-B5D6-33364425F829}.Debug|Win32.Build.0 = Debug|Win32
		{EED17E5B-6678-4A7A-B5D6-33364425F829}.Debug|x64.ActiveCfg = Debug|x64
		{EED17E5B-6678-4A7A-B5D6-33364425F829}.Debug|x64.Build.0 = Debug|x64
		{EED17E5B-6678-4A7A-B5D6-33364425F829}.Release|Mixed Platforms.ActiveCfg = Release|Win32
		{EED17E5B-6678-4A7A-B5D6-33364425F829}.Release|Mixed Platforms.Build.0 = Release|Win32
		{EED17E5B-6678-4A7A-B5D6-33364425F829}.Release|Win32.ActiveCfg = Release|Win32
		{EED17E5B-6678-4A7A-B5D6-33364425F829}.Release|Win32.Build.0 = Release|Win32
		{EED17E5B-6678-4A7A-B5D6-33364425F829}.Release|x64.ActiveCfg = Release|x64
		{EED17E5B-6678-4A7A-B5D6-33364425F829}.Release|x64.Build.0 = Release|x64
	EndGlobalSection
	GlobalSection(SolutionProperties) = preSolution
		HideSolutionNode = FALSE
	EndGlobalSection
EndGlobal
